// !$*UTF8*$!
{
	archiveVersion = 1;
	classes = {
	};
	objectVersion = 55;
	objects = {

/* Begin PBXBuildFile section */
		121106D228D10FAD00190415 /* AppDelegate.swift in Sources */ = {isa = PBXBuildFile; fileRef = 121106D128D10FAD00190415 /* AppDelegate.swift */; };
		121106D428D10FAD00190415 /* SceneDelegate.swift in Sources */ = {isa = PBXBuildFile; fileRef = 121106D328D10FAD00190415 /* SceneDelegate.swift */; };
		121106D628D10FAD00190415 /* TBOnboardingVC.swift in Sources */ = {isa = PBXBuildFile; fileRef = 121106D528D10FAD00190415 /* TBOnboardingVC.swift */; };
		121106DB28D10FAE00190415 /* Assets.xcassets in Resources */ = {isa = PBXBuildFile; fileRef = 121106DA28D10FAE00190415 /* Assets.xcassets */; };
		121106DE28D10FAE00190415 /* LaunchScreen.storyboard in Resources */ = {isa = PBXBuildFile; fileRef = 121106DC28D10FAE00190415 /* LaunchScreen.storyboard */; };
		1211965A28D2009200684577 /* TBWeatherVC.swift in Sources */ = {isa = PBXBuildFile; fileRef = 1211965928D2009200684577 /* TBWeatherVC.swift */; };
		1211965C28D2348D00684577 /* TBTextField.swift in Sources */ = {isa = PBXBuildFile; fileRef = 1211965B28D2348D00684577 /* TBTextField.swift */; };
		1211965E28D2381600684577 /* TBButton.swift in Sources */ = {isa = PBXBuildFile; fileRef = 1211965D28D2381600684577 /* TBButton.swift */; };
		12C5683828D247E600EE2083 /* TBWeatherCardView.swift in Sources */ = {isa = PBXBuildFile; fileRef = 12C5683728D247E600EE2083 /* TBWeatherCardView.swift */; };
		12C5683A28D2491A00EE2083 /* TBWeatherInfoView.swift in Sources */ = {isa = PBXBuildFile; fileRef = 12C5683928D2491A00EE2083 /* TBWeatherInfoView.swift */; };
		12CAFA0D28D4B45300AD39CD /* NetworkManager.swift in Sources */ = {isa = PBXBuildFile; fileRef = 12CAFA0C28D4B45300AD39CD /* NetworkManager.swift */; };
		12CAFA0F28D4B67E00AD39CD /* Weather.swift in Sources */ = {isa = PBXBuildFile; fileRef = 12CAFA0E28D4B67E00AD39CD /* Weather.swift */; };
		12CAFA1128D4B9A100AD39CD /* TBError.swift in Sources */ = {isa = PBXBuildFile; fileRef = 12CAFA1028D4B9A100AD39CD /* TBError.swift */; };
/* End PBXBuildFile section */

/* Begin PBXFileReference section */
		121106CE28D10FAD00190415 /* ThunderboldApp.app */ = {isa = PBXFileReference; explicitFileType = wrapper.application; includeInIndex = 0; path = ThunderboldApp.app; sourceTree = BUILT_PRODUCTS_DIR; };
		121106D128D10FAD00190415 /* AppDelegate.swift */ = {isa = PBXFileReference; lastKnownFileType = sourcecode.swift; path = AppDelegate.swift; sourceTree = "<group>"; };
		121106D328D10FAD00190415 /* SceneDelegate.swift */ = {isa = PBXFileReference; lastKnownFileType = sourcecode.swift; path = SceneDelegate.swift; sourceTree = "<group>"; };
		121106D528D10FAD00190415 /* TBOnboardingVC.swift */ = {isa = PBXFileReference; lastKnownFileType = sourcecode.swift; path = TBOnboardingVC.swift; sourceTree = "<group>"; };
		121106DA28D10FAE00190415 /* Assets.xcassets */ = {isa = PBXFileReference; lastKnownFileType = folder.assetcatalog; path = Assets.xcassets; sourceTree = "<group>"; };
		121106DD28D10FAE00190415 /* Base */ = {isa = PBXFileReference; lastKnownFileType = file.storyboard; name = Base; path = Base.lproj/LaunchScreen.storyboard; sourceTree = "<group>"; };
		121106DF28D10FAE00190415 /* Info.plist */ = {isa = PBXFileReference; lastKnownFileType = text.plist.xml; path = Info.plist; sourceTree = "<group>"; };
		1211965928D2009200684577 /* TBWeatherVC.swift */ = {isa = PBXFileReference; lastKnownFileType = sourcecode.swift; path = TBWeatherVC.swift; sourceTree = "<group>"; };
		1211965B28D2348D00684577 /* TBTextField.swift */ = {isa = PBXFileReference; lastKnownFileType = sourcecode.swift; path = TBTextField.swift; sourceTree = "<group>"; };
		1211965D28D2381600684577 /* TBButton.swift */ = {isa = PBXFileReference; lastKnownFileType = sourcecode.swift; path = TBButton.swift; sourceTree = "<group>"; };
		12C5683728D247E600EE2083 /* TBWeatherCardView.swift */ = {isa = PBXFileReference; lastKnownFileType = sourcecode.swift; path = TBWeatherCardView.swift; sourceTree = "<group>"; };
		12C5683928D2491A00EE2083 /* TBWeatherInfoView.swift */ = {isa = PBXFileReference; lastKnownFileType = sourcecode.swift; path = TBWeatherInfoView.swift; sourceTree = "<group>"; };
		12CAFA0C28D4B45300AD39CD /* NetworkManager.swift */ = {isa = PBXFileReference; lastKnownFileType = sourcecode.swift; path = NetworkManager.swift; sourceTree = "<group>"; };
		12CAFA0E28D4B67E00AD39CD /* Weather.swift */ = {isa = PBXFileReference; lastKnownFileType = sourcecode.swift; path = Weather.swift; sourceTree = "<group>"; };
		12CAFA1028D4B9A100AD39CD /* TBError.swift */ = {isa = PBXFileReference; lastKnownFileType = sourcecode.swift; path = TBError.swift; sourceTree = "<group>"; };
/* End PBXFileReference section */

/* Begin PBXFrameworksBuildPhase section */
		121106CB28D10FAD00190415 /* Frameworks */ = {
			isa = PBXFrameworksBuildPhase;
			buildActionMask = 2147483647;
			files = (
			);
			runOnlyForDeploymentPostprocessing = 0;
		};
/* End PBXFrameworksBuildPhase section */

/* Begin PBXGroup section */
		121106C528D10FAD00190415 = {
			isa = PBXGroup;
			children = (
				121106D028D10FAD00190415 /* ThunderboldApp */,
				121106CF28D10FAD00190415 /* Products */,
			);
			sourceTree = "<group>";
		};
		121106CF28D10FAD00190415 /* Products */ = {
			isa = PBXGroup;
			children = (
				121106CE28D10FAD00190415 /* ThunderboldApp.app */,
			);
			name = Products;
			sourceTree = "<group>";
		};
		121106D028D10FAD00190415 /* ThunderboldApp */ = {
			isa = PBXGroup;
			children = (
				12B3089C28D5F08C00D93277 /* Support */,
				12B3089728D5F02700D93277 /* Managers */,
				12B3089B28D5F07D00D93277 /* Utilities */,
				12B3089828D5F03B00D93277 /* Model */,
				12B3089928D5F05100D93277 /* CustomViews */,
				12B3089A28D5F05D00D93277 /* Screens */,
				121106DC28D10FAE00190415 /* LaunchScreen.storyboard */,
				121106DF28D10FAE00190415 /* Info.plist */,
			);
			path = ThunderboldApp;
			sourceTree = "<group>";
		};
		12B3089728D5F02700D93277 /* Managers */ = {
			isa = PBXGroup;
			children = (
				12CAFA0C28D4B45300AD39CD /* NetworkManager.swift */,
			);
			path = Managers;
			sourceTree = "<group>";
		};
		12B3089828D5F03B00D93277 /* Model */ = {
			isa = PBXGroup;
			children = (
				12CAFA0E28D4B67E00AD39CD /* Weather.swift */,
			);
			path = Model;
			sourceTree = "<group>";
		};
		12B3089928D5F05100D93277 /* CustomViews */ = {
			isa = PBXGroup;
			children = (
				12B3089D28D5F0DD00D93277 /* Views */,
				12B3089E28D5F0E600D93277 /* TextFields */,
				12B3089F28D5F0EF00D93277 /* Buttons */,
			);
			path = CustomViews;
			sourceTree = "<group>";
		};
		12B3089A28D5F05D00D93277 /* Screens */ = {
			isa = PBXGroup;
			children = (
				1211965928D2009200684577 /* TBWeatherVC.swift */,
				121106D528D10FAD00190415 /* TBOnboardingVC.swift */,
			);
			path = Screens;
			sourceTree = "<group>";
		};
		12B3089B28D5F07D00D93277 /* Utilities */ = {
			isa = PBXGroup;
			children = (
				12CAFA1028D4B9A100AD39CD /* TBError.swift */,
			);
			path = Utilities;
			sourceTree = "<group>";
		};
		12B3089C28D5F08C00D93277 /* Support */ = {
			isa = PBXGroup;
			children = (
				121106DA28D10FAE00190415 /* Assets.xcassets */,
				121106D128D10FAD00190415 /* AppDelegate.swift */,
				121106D328D10FAD00190415 /* SceneDelegate.swift */,
			);
			path = Support;
			sourceTree = "<group>";
		};
		12B3089D28D5F0DD00D93277 /* Views */ = {
			isa = PBXGroup;
			children = (
				12C5683728D247E600EE2083 /* TBWeatherCardView.swift */,
				12C5683928D2491A00EE2083 /* TBWeatherInfoView.swift */,
			);
			path = Views;
			sourceTree = "<group>";
		};
		12B3089E28D5F0E600D93277 /* TextFields */ = {
			isa = PBXGroup;
			children = (
				1211965B28D2348D00684577 /* TBTextField.swift */,
			);
			path = TextFields;
			sourceTree = "<group>";
		};
		12B3089F28D5F0EF00D93277 /* Buttons */ = {
			isa = PBXGroup;
			children = (
				1211965D28D2381600684577 /* TBButton.swift */,
			);
			path = Buttons;
			sourceTree = "<group>";
		};
/* End PBXGroup section */

/* Begin PBXNativeTarget section */
		121106CD28D10FAD00190415 /* ThunderboldApp */ = {
			isa = PBXNativeTarget;
			buildConfigurationList = 121106E228D10FAE00190415 /* Build configuration list for PBXNativeTarget "ThunderboldApp" */;
			buildPhases = (
				121106CA28D10FAD00190415 /* Sources */,
				121106CB28D10FAD00190415 /* Frameworks */,
				121106CC28D10FAD00190415 /* Resources */,
			);
			buildRules = (
			);
			dependencies = (
			);
			name = ThunderboldApp;
			productName = ThunderboldApp;
			productReference = 121106CE28D10FAD00190415 /* ThunderboldApp.app */;
			productType = "com.apple.product-type.application";
		};
/* End PBXNativeTarget section */

/* Begin PBXProject section */
		121106C628D10FAD00190415 /* Project object */ = {
			isa = PBXProject;
			attributes = {
				BuildIndependentTargetsInParallel = 1;
				LastSwiftUpdateCheck = 1340;
				LastUpgradeCheck = 1340;
				TargetAttributes = {
					121106CD28D10FAD00190415 = {
						CreatedOnToolsVersion = 13.4.1;
					};
				};
			};
			buildConfigurationList = 121106C928D10FAD00190415 /* Build configuration list for PBXProject "ThunderboldApp" */;
			compatibilityVersion = "Xcode 13.0";
			developmentRegion = en;
			hasScannedForEncodings = 0;
			knownRegions = (
				en,
				Base,
			);
			mainGroup = 121106C528D10FAD00190415;
			productRefGroup = 121106CF28D10FAD00190415 /* Products */;
			projectDirPath = "";
			projectRoot = "";
			targets = (
				121106CD28D10FAD00190415 /* ThunderboldApp */,
			);
		};
/* End PBXProject section */

/* Begin PBXResourcesBuildPhase section */
		121106CC28D10FAD00190415 /* Resources */ = {
			isa = PBXResourcesBuildPhase;
			buildActionMask = 2147483647;
			files = (
				121106DE28D10FAE00190415 /* LaunchScreen.storyboard in Resources */,
				121106DB28D10FAE00190415 /* Assets.xcassets in Resources */,
			);
			runOnlyForDeploymentPostprocessing = 0;
		};
/* End PBXResourcesBuildPhase section */

/* Begin PBXSourcesBuildPhase section */
		121106CA28D10FAD00190415 /* Sources */ = {
			isa = PBXSourcesBuildPhase;
			buildActionMask = 2147483647;
			files = (
				12CAFA1128D4B9A100AD39CD /* TBError.swift in Sources */,
				12CAFA0D28D4B45300AD39CD /* NetworkManager.swift in Sources */,
				121106D628D10FAD00190415 /* TBOnboardingVC.swift in Sources */,
				1211965E28D2381600684577 /* TBButton.swift in Sources */,
				121106D228D10FAD00190415 /* AppDelegate.swift in Sources */,
				12CAFA0F28D4B67E00AD39CD /* Weather.swift in Sources */,
				1211965C28D2348D00684577 /* TBTextField.swift in Sources */,
				121106D428D10FAD00190415 /* SceneDelegate.swift in Sources */,
				12C5683828D247E600EE2083 /* TBWeatherCardView.swift in Sources */,
				1211965A28D2009200684577 /* TBWeatherVC.swift in Sources */,
				12C5683A28D2491A00EE2083 /* TBWeatherInfoView.swift in Sources */,
			);
			runOnlyForDeploymentPostprocessing = 0;
		};
/* End PBXSourcesBuildPhase section */

/* Begin PBXVariantGroup section */
		121106DC28D10FAE00190415 /* LaunchScreen.storyboard */ = {
			isa = PBXVariantGroup;
			children = (
				121106DD28D10FAE00190415 /* Base */,
			);
			name = LaunchScreen.storyboard;
			sourceTree = "<group>";
		};
/* End PBXVariantGroup section */

/* Begin XCBuildConfiguration section */
		121106E028D10FAE00190415 /* Debug */ = {
			isa = XCBuildConfiguration;
			buildSettings = {
				ALWAYS_SEARCH_USER_PATHS = NO;
				CLANG_ANALYZER_NONNULL = YES;
				CLANG_ANALYZER_NUMBER_OBJECT_CONVERSION = YES_AGGRESSIVE;
				CLANG_CXX_LANGUAGE_STANDARD = "gnu++17";
				CLANG_ENABLE_MODULES = YES;
				CLANG_ENABLE_OBJC_ARC = YES;
				CLANG_ENABLE_OBJC_WEAK = YES;
				CLANG_WARN_BLOCK_CAPTURE_AUTORELEASING = YES;
				CLANG_WARN_BOOL_CONVERSION = YES;
				CLANG_WARN_COMMA = YES;
				CLANG_WARN_CONSTANT_CONVERSION = YES;
				CLANG_WARN_DEPRECATED_OBJC_IMPLEMENTATIONS = YES;
				CLANG_WARN_DIRECT_OBJC_ISA_USAGE = YES_ERROR;
				CLANG_WARN_DOCUMENTATION_COMMENTS = YES;
				CLANG_WARN_EMPTY_BODY = YES;
				CLANG_WARN_ENUM_CONVERSION = YES;
				CLANG_WARN_INFINITE_RECURSION = YES;
				CLANG_WARN_INT_CONVERSION = YES;
				CLANG_WARN_NON_LITERAL_NULL_CONVERSION = YES;
				CLANG_WARN_OBJC_IMPLICIT_RETAIN_SELF = YES;
				CLANG_WARN_OBJC_LITERAL_CONVERSION = YES;
				CLANG_WARN_OBJC_ROOT_CLASS = YES_ERROR;
				CLANG_WARN_QUOTED_INCLUDE_IN_FRAMEWORK_HEADER = YES;
				CLANG_WARN_RANGE_LOOP_ANALYSIS = YES;
				CLANG_WARN_STRICT_PROTOTYPES = YES;
				CLANG_WARN_SUSPICIOUS_MOVE = YES;
				CLANG_WARN_UNGUARDED_AVAILABILITY = YES_AGGRESSIVE;
				CLANG_WARN_UNREACHABLE_CODE = YES;
				CLANG_WARN__DUPLICATE_METHOD_MATCH = YES;
				COPY_PHASE_STRIP = NO;
				DEBUG_INFORMATION_FORMAT = dwarf;
				ENABLE_STRICT_OBJC_MSGSEND = YES;
				ENABLE_TESTABILITY = YES;
				GCC_C_LANGUAGE_STANDARD = gnu11;
				GCC_DYNAMIC_NO_PIC = NO;
				GCC_NO_COMMON_BLOCKS = YES;
				GCC_OPTIMIZATION_LEVEL = 0;
				GCC_PREPROCESSOR_DEFINITIONS = (
					"DEBUG=1",
					"$(inherited)",
				);
				GCC_WARN_64_TO_32_BIT_CONVERSION = YES;
				GCC_WARN_ABOUT_RETURN_TYPE = YES_ERROR;
				GCC_WARN_UNDECLARED_SELECTOR = YES;
				GCC_WARN_UNINITIALIZED_AUTOS = YES_AGGRESSIVE;
				GCC_WARN_UNUSED_FUNCTION = YES;
				GCC_WARN_UNUSED_VARIABLE = YES;
				IPHONEOS_DEPLOYMENT_TARGET = 15.5;
				MTL_ENABLE_DEBUG_INFO = INCLUDE_SOURCE;
				MTL_FAST_MATH = YES;
				ONLY_ACTIVE_ARCH = YES;
				SDKROOT = iphoneos;
				SWIFT_ACTIVE_COMPILATION_CONDITIONS = DEBUG;
				SWIFT_OPTIMIZATION_LEVEL = "-Onone";
			};
			name = Debug;
		};
		121106E128D10FAE00190415 /* Release */ = {
			isa = XCBuildConfiguration;
			buildSettings = {
				ALWAYS_SEARCH_USER_PATHS = NO;
				CLANG_ANALYZER_NONNULL = YES;
				CLANG_ANALYZER_NUMBER_OBJECT_CONVERSION = YES_AGGRESSIVE;
				CLANG_CXX_LANGUAGE_STANDARD = "gnu++17";
				CLANG_ENABLE_MODULES = YES;
				CLANG_ENABLE_OBJC_ARC = YES;
				CLANG_ENABLE_OBJC_WEAK = YES;
				CLANG_WARN_BLOCK_CAPTURE_AUTORELEASING = YES;
				CLANG_WARN_BOOL_CONVERSION = YES;
				CLANG_WARN_COMMA = YES;
				CLANG_WARN_CONSTANT_CONVERSION = YES;
				CLANG_WARN_DEPRECATED_OBJC_IMPLEMENTATIONS = YES;
				CLANG_WARN_DIRECT_OBJC_ISA_USAGE = YES_ERROR;
				CLANG_WARN_DOCUMENTATION_COMMENTS = YES;
				CLANG_WARN_EMPTY_BODY = YES;
				CLANG_WARN_ENUM_CONVERSION = YES;
				CLANG_WARN_INFINITE_RECURSION = YES;
				CLANG_WARN_INT_CONVERSION = YES;
				CLANG_WARN_NON_LITERAL_NULL_CONVERSION = YES;
				CLANG_WARN_OBJC_IMPLICIT_RETAIN_SELF = YES;
				CLANG_WARN_OBJC_LITERAL_CONVERSION = YES;
				CLANG_WARN_OBJC_ROOT_CLASS = YES_ERROR;
				CLANG_WARN_QUOTED_INCLUDE_IN_FRAMEWORK_HEADER = YES;
				CLANG_WARN_RANGE_LOOP_ANALYSIS = YES;
				CLANG_WARN_STRICT_PROTOTYPES = YES;
				CLANG_WARN_SUSPICIOUS_MOVE = YES;
				CLANG_WARN_UNGUARDED_AVAILABILITY = YES_AGGRESSIVE;
				CLANG_WARN_UNREACHABLE_CODE = YES;
				CLANG_WARN__DUPLICATE_METHOD_MATCH = YES;
				COPY_PHASE_STRIP = NO;
				DEBUG_INFORMATION_FORMAT = "dwarf-with-dsym";
				ENABLE_NS_ASSERTIONS = NO;
				ENABLE_STRICT_OBJC_MSGSEND = YES;
				GCC_C_LANGUAGE_STANDARD = gnu11;
				GCC_NO_COMMON_BLOCKS = YES;
				GCC_WARN_64_TO_32_BIT_CONVERSION = YES;
				GCC_WARN_ABOUT_RETURN_TYPE = YES_ERROR;
				GCC_WARN_UNDECLARED_SELECTOR = YES;
				GCC_WARN_UNINITIALIZED_AUTOS = YES_AGGRESSIVE;
				GCC_WARN_UNUSED_FUNCTION = YES;
				GCC_WARN_UNUSED_VARIABLE = YES;
				IPHONEOS_DEPLOYMENT_TARGET = 15.5;
				MTL_ENABLE_DEBUG_INFO = NO;
				MTL_FAST_MATH = YES;
				SDKROOT = iphoneos;
				SWIFT_COMPILATION_MODE = wholemodule;
				SWIFT_OPTIMIZATION_LEVEL = "-O";
				VALIDATE_PRODUCT = YES;
			};
			name = Release;
		};
		121106E328D10FAE00190415 /* Debug */ = {
			isa = XCBuildConfiguration;
			buildSettings = {
				ASSETCATALOG_COMPILER_APPICON_NAME = AppIcon;
				ASSETCATALOG_COMPILER_GLOBAL_ACCENT_COLOR_NAME = AccentColor;
				CODE_SIGN_STYLE = Automatic;
				CURRENT_PROJECT_VERSION = 1;
				DEVELOPMENT_TEAM = RPQ3VF2JBZ;
				GENERATE_INFOPLIST_FILE = YES;
				INFOPLIST_FILE = ThunderboldApp/Info.plist;
				INFOPLIST_KEY_LSApplicationCategoryType = "";
				INFOPLIST_KEY_NSLocationAlwaysAndWhenInUseUsageDescription = "We need your location to be able to find weather data for your city.";
				INFOPLIST_KEY_NSLocationWhenInUseUsageDescription = "We need your location to be able to find weather data for your city.";
				INFOPLIST_KEY_UIApplicationSupportsIndirectInputEvents = YES;
				INFOPLIST_KEY_UILaunchStoryboardName = LaunchScreen;
				INFOPLIST_KEY_UISupportedInterfaceOrientations_iPad = "UIInterfaceOrientationPortrait UIInterfaceOrientationPortraitUpsideDown UIInterfaceOrientationLandscapeLeft UIInterfaceOrientationLandscapeRight";
				INFOPLIST_KEY_UISupportedInterfaceOrientations_iPhone = "UIInterfaceOrientationPortrait UIInterfaceOrientationLandscapeLeft UIInterfaceOrientationLandscapeRight";
				LD_RUNPATH_SEARCH_PATHS = (
					"$(inherited)",
					"@executable_path/Frameworks",
				);
				MARKETING_VERSION = 1.0;
				PRODUCT_BUNDLE_IDENTIFIER = com.mfsaglam.ThunderboldApp;
				PRODUCT_NAME = "$(TARGET_NAME)";
				SWIFT_EMIT_LOC_STRINGS = YES;
				SWIFT_VERSION = 5.0;
				TARGETED_DEVICE_FAMILY = "1,2";
			};
			name = Debug;
		};
		121106E428D10FAE00190415 /* Release */ = {
			isa = XCBuildConfiguration;
			buildSettings = {
				ASSETCATALOG_COMPILER_APPICON_NAME = AppIcon;
				ASSETCATALOG_COMPILER_GLOBAL_ACCENT_COLOR_NAME = AccentColor;
				CODE_SIGN_STYLE = Automatic;
				CURRENT_PROJECT_VERSION = 1;
				DEVELOPMENT_TEAM = RPQ3VF2JBZ;
				GENERATE_INFOPLIST_FILE = YES;
				INFOPLIST_FILE = ThunderboldApp/Info.plist;
				INFOPLIST_KEY_LSApplicationCategoryType = "";
				INFOPLIST_KEY_NSLocationAlwaysAndWhenInUseUsageDescription = "We need your location to be able to find weather data for your city.";
				INFOPLIST_KEY_NSLocationWhenInUseUsageDescription = "We need your location to be able to find weather data for your city.";
				INFOPLIST_KEY_UIApplicationSupportsIndirectInputEvents = YES;
				INFOPLIST_KEY_UILaunchStoryboardName = LaunchScreen;
				INFOPLIST_KEY_UISupportedInterfaceOrientations_iPad = "UIInterfaceOrientationPortrait UIInterfaceOrientationPortraitUpsideDown UIInterfaceOrientationLandscapeLeft UIInterfaceOrientationLandscapeRight";
				INFOPLIST_KEY_UISupportedInterfaceOrientations_iPhone = "UIInterfaceOrientationPortrait UIInterfaceOrientationLandscapeLeft UIInterfaceOrientationLandscapeRight";
				LD_RUNPATH_SEARCH_PATHS = (
					"$(inherited)",
					"@executable_path/Frameworks",
				);
				MARKETING_VERSION = 1.0;
				PRODUCT_BUNDLE_IDENTIFIER = com.mfsaglam.ThunderboldApp;
				PRODUCT_NAME = "$(TARGET_NAME)";
				SWIFT_EMIT_LOC_STRINGS = YES;
				SWIFT_VERSION = 5.0;
				TARGETED_DEVICE_FAMILY = "1,2";
			};
			name = Release;
		};
/* End XCBuildConfiguration section */

/* Begin XCConfigurationList section */
		121106C928D10FAD00190415 /* Build configuration list for PBXProject "ThunderboldApp" */ = {
			isa = XCConfigurationList;
			buildConfigurations = (
				121106E028D10FAE00190415 /* Debug */,
				121106E128D10FAE00190415 /* Release */,
			);
			defaultConfigurationIsVisible = 0;
			defaultConfigurationName = Release;
		};
		121106E228D10FAE00190415 /* Build configuration list for PBXNativeTarget "ThunderboldApp" */ = {
			isa = XCConfigurationList;
			buildConfigurations = (
				121106E328D10FAE00190415 /* Debug */,
				121106E428D10FAE00190415 /* Release */,
			);
			defaultConfigurationIsVisible = 0;
			defaultConfigurationName = Release;
		};
/* End XCConfigurationList section */
	};
	rootObject = 121106C628D10FAD00190415 /* Project object */;
}
